
Microsoft Visual Studio Solution File, Format Version 12.00
# Visual Studio 2012
Project("{FAE04EC0-301F-11D3-BF4B-00C04F79EFBC}") = "udtCSharp", "udtCSharp\udtCSharp.csproj", "{4F51E019-76A6-4B01-8C9B-CA3294A353EA}"
EndProject
Project("{FAE04EC0-301F-11D3-BF4B-00C04F79EFBC}") = "udtCSharpTest", "udtCSharpTest\udtCSharpTest.csproj", "{B1E0237D-5B9C-4DBC-884E-621E1E10C7BD}"
EndProject
Global
	GlobalSection(SolutionConfigurationPlatforms) = preSolution
		Debug|Any CPU = Debug|Any CPU
		Release|Any CPU = Release|Any CPU
	EndGlobalSection
	GlobalSection(ProjectConfigurationPlatforms) = postSolution
		{4F51E019-76A6-4B01-8C9B-CA3294A353EA}.Debug|Any CPU.ActiveCfg = Debug|Any CPU
		{4F51E019-76A6-4B01-8C9B-CA3294A353EA}.Debug|Any CPU.Build.0 = Debug|Any CPU
		{4F51E019-76A6-4B01-8C9B-CA3294A353EA}.Release|Any CPU.ActiveCfg = Release|Any CPU
		{4F51E019-76A6-4B01-8C9B-CA3294A353EA}.Release|Any CPU.Build.0 = Release|Any CPU
		{B1E0237D-5B9C-4DBC-884E-621E1E10C7BD}.Debug|Any CPU.ActiveCfg = Debug|Any CPU
		{B1E0237D-5B9C-4DBC-884E-621E1E10C7BD}.Debug|Any CPU.Build.0 = Debug|Any CPU
		{B1E0237D-5B9C-4DBC-884E-621E1E10C7BD}.Release|Any CPU.ActiveCfg = Release|Any CPU
		{B1E0237D-5B9C-4DBC-884E-621E1E10C7BD}.Release|Any CPU.Build.0 = Release|Any CPU
	EndGlobalSection
	GlobalSection(SolutionProperties) = preSolution
		HideSolutionNode = FALSE
	EndGlobalSection
EndGlobal
