<?xml version="1.0" encoding="utf-8"?>
<Project ToolsVersion="4.0" xmlns="http://schemas.microsoft.com/developer/msbuild/2003">
  <ItemGroup>
    <Filter Include="源文件">
      <UniqueIdentifier>{4FC737F1-C7A5-4376-A066-2A32D752A2FF}</UniqueIdentifier>
      <Extensions>cpp;c;cc;cxx;def;odl;idl;hpj;bat;asm;asmx</Extensions>
    </Filter>
    <Filter Include="头文件">
      <UniqueIdentifier>{93995380-89BD-4b04-88EB-625FBE52EBFB}</UniqueIdentifier>
      <Extensions>h;hpp;hxx;hm;inl;inc;xsd</Extensions>
    </Filter>
    <Filter Include="资源文件">
      <UniqueIdentifier>{67DA6AB6-F800-4c08-8B7A-83BB121AAD01}</UniqueIdentifier>
      <Extensions>rc;ico;cur;bmp;dlg;rc2;rct;bin;rgs;gif;jpg;jpeg;jpe;resx;tiff;tif;png;wav;mfcribbon-ms</Extensions>
    </Filter>
  </ItemGroup>
  <ItemGroup>
    <None Include="ReadMe.txt" />
  </ItemGroup>
  <ItemGroup>
    <ClCompile Include="stdafx.cpp">
      <Filter>源文件</Filter>
    </ClCompile>
    <ClCompile Include="UDTTest.cpp">
      <Filter>源文件</Filter>
    </ClCompile>
    <ClCompile Include="..\src\UDTCore\api.cpp">
      <Filter>源文件</Filter>
    </ClCompile>
    <ClCompile Include="..\src\UDTCore\buffer.cpp">
      <Filter>源文件</Filter>
    </ClCompile>
    <ClCompile Include="..\src\UDTCore\cache.cpp">
      <Filter>源文件</Filter>
    </ClCompile>
    <ClCompile Include="..\src\UDTCore\ccc.cpp">
      <Filter>源文件</Filter>
    </ClCompile>
    <ClCompile Include="..\src\UDTCore\channel.cpp">
      <Filter>源文件</Filter>
    </ClCompile>
    <ClCompile Include="..\src\UDTCore\common.cpp">
      <Filter>源文件</Filter>
    </ClCompile>
    <ClCompile Include="..\src\UDTCore\core.cpp">
      <Filter>源文件</Filter>
    </ClCompile>
    <ClCompile Include="..\src\UDTCore\epoll.cpp">
      <Filter>源文件</Filter>
    </ClCompile>
    <ClCompile Include="..\src\UDTCore\list.cpp">
      <Filter>源文件</Filter>
    </ClCompile>
    <ClCompile Include="..\src\UDTCore\md5.cpp">
      <Filter>源文件</Filter>
    </ClCompile>
    <ClCompile Include="..\src\UDTCore\packet.cpp">
      <Filter>源文件</Filter>
    </ClCompile>
    <ClCompile Include="..\src\UDTCore\queue.cpp">
      <Filter>源文件</Filter>
    </ClCompile>
    <ClCompile Include="..\src\UDTCore\window.cpp">
      <Filter>源文件</Filter>
    </ClCompile>
    <ClCompile Include="..\src\UDTTest\UdtCore.cpp">
      <Filter>源文件</Filter>
    </ClCompile>
    <ClCompile Include="..\src\UDTTest\UDTProxy.cpp">
      <Filter>源文件</Filter>
    </ClCompile>
  </ItemGroup>
  <ItemGroup>
    <ClInclude Include="stdafx.h">
      <Filter>头文件</Filter>
    </ClInclude>
    <ClInclude Include="targetver.h">
      <Filter>头文件</Filter>
    </ClInclude>
    <ClInclude Include="..\src\UDTCore\api.h">
      <Filter>头文件</Filter>
    </ClInclude>
    <ClInclude Include="..\src\UDTCore\buffer.h">
      <Filter>头文件</Filter>
    </ClInclude>
    <ClInclude Include="..\src\UDTCore\cache.h">
      <Filter>头文件</Filter>
    </ClInclude>
    <ClInclude Include="..\src\UDTCore\ccc.h">
      <Filter>头文件</Filter>
    </ClInclude>
    <ClInclude Include="..\src\UDTCore\channel.h">
      <Filter>头文件</Filter>
    </ClInclude>
    <ClInclude Include="..\src\UDTCore\common.h">
      <Filter>头文件</Filter>
    </ClInclude>
    <ClInclude Include="..\src\UDTCore\core.h">
      <Filter>头文件</Filter>
    </ClInclude>
    <ClInclude Include="..\src\UDTCore\epoll.h">
      <Filter>头文件</Filter>
    </ClInclude>
    <ClInclude Include="..\src\UDTCore\list.h">
      <Filter>头文件</Filter>
    </ClInclude>
    <ClInclude Include="..\src\UDTCore\md5.h">
      <Filter>头文件</Filter>
    </ClInclude>
    <ClInclude Include="..\src\UDTCore\packet.h">
      <Filter>头文件</Filter>
    </ClInclude>
    <ClInclude Include="..\src\UDTCore\queue.h">
      <Filter>头文件</Filter>
    </ClInclude>
    <ClInclude Include="..\src\UDTCore\udt.h">
      <Filter>头文件</Filter>
    </ClInclude>
    <ClInclude Include="..\src\UDTCore\window.h">
      <Filter>头文件</Filter>
    </ClInclude>
    <ClInclude Include="..\src\UDTTest\UdtCore.h">
      <Filter>头文件</Filter>
    </ClInclude>
    <ClInclude Include="..\src\UDTTest\UDTProxy.h">
      <Filter>头文件</Filter>
    </ClInclude>
    <ClInclude Include="..\src\UDTTest\cc.h">
      <Filter>头文件</Filter>
    </ClInclude>
  </ItemGroup>
</Project>